
Microsoft Visual Studio Solution File, Format Version 12.00
# Visual Studio 15
VisualStudioVersion = 15.0.34930.48
MinimumVisualStudioVersion = 10.0.40219.1
Project("{9A19103F-16F7-4668-BE54-9A1E7A4F7556}") = "STLib.Json", "STLib.Json\STLib.Json.csproj", "{151B52D3-E5D0-4877-8A84-FF7764F270DD}"
EndProject
Project("{9A19103F-16F7-4668-BE54-9A1E7A4F7556}") = "STLib.Json.Test", "STLib.Json.Test\STLib.Json.Test.csproj", "{E9423C17-AF9B-46F4-BAE6-0D440F9D7095}"
EndProject
Global
	GlobalSection(Performance) = preSolution
		HasPerformanceSessions = true
	EndGlobalSection
	GlobalSection(SolutionConfigurationPlatforms) = preSolution
		Debug|Any CPU = Debug|Any CPU
		Release|Any CPU = Release|Any CPU
	EndGlobalSection
	GlobalSection(ProjectConfigurationPlatforms) = postSolution
		{151B52D3-E5D0-4877-8A84-FF7764F270DD}.Debug|Any CPU.ActiveCfg = Debug|Any CPU
		{151B52D3-E5D0-4877-8A84-FF7764F270DD}.Debug|Any CPU.Build.0 = Debug|Any CPU
		{151B52D3-E5D0-4877-8A84-FF7764F270DD}.Release|Any CPU.ActiveCfg = Release|Any CPU
		{151B52D3-E5D0-4877-8A84-FF7764F270DD}.Release|Any CPU.Build.0 = Release|Any CPU
		{E9423C17-AF9B-46F4-BAE6-0D440F9D7095}.Debug|Any CPU.ActiveCfg = Debug|Any CPU
		{E9423C17-AF9B-46F4-BAE6-0D440F9D7095}.Debug|Any CPU.Build.0 = Debug|Any CPU
		{E9423C17-AF9B-46F4-BAE6-0D440F9D7095}.Release|Any CPU.ActiveCfg = Release|Any CPU
		{E9423C17-AF9B-46F4-BAE6-0D440F9D7095}.Release|Any CPU.Build.0 = Release|Any CPU
	EndGlobalSection
	GlobalSection(SolutionProperties) = preSolution
		HideSolutionNode = FALSE
	EndGlobalSection
	GlobalSection(ExtensibilityGlobals) = postSolution
		SolutionGuid = {C0D3E6E9-5F55-4EC6-8578-F30C609492E6}
	EndGlobalSection
	GlobalSection(Performance) = preSolution
		HasPerformanceSessions = true
	EndGlobalSection
	GlobalSection(Performance) = preSolution
		HasPerformanceSessions = true
	EndGlobalSection
EndGlobal
